# THIS IS AN AUTOGENERATED FILE. DO NOT EDIT THIS FILE DIRECTLY.
# yarn lockfile v1


"@types/prop-types@*":
  version "15.7.1"
  resolved "https://registry.npm.taobao.org/@types/prop-types/download/@types/prop-types-15.7.1.tgz#f1a11e7babb0c3cad68100be381d1e064c68f1f6"
  integrity sha1-8aEee6uww8rWgQC+OB0eBkxo8fY=

"@types/react@^16.8.23":
  version "16.8.23"
  resolved "https://registry.npm.taobao.org/@types/react/download/@types/react-16.8.23.tgz#ec6be3ceed6353a20948169b6cb4c97b65b97ad2"
  integrity sha1-7Gvjzu1jU6IJSBabbLTJe2W5etI=
  dependencies:
    "@types/prop-types" "*"
    csstype "^2.2.0"

csstype@^2.2.0:
  version "2.6.6"
  resolved "https://registry.npm.taobao.org/csstype/download/csstype-2.6.6.tgz#c34f8226a94bbb10c32cc0d714afdf942291fc41"
  integrity sha1-w0+CJqlLuxDDLMDXFK/flCKR/EE=
