# THIS IS AN AUTOGENERATED FILE. DO NOT EDIT THIS FILE DIRECTLY.
# yarn lockfile v1


ajv@^6.5.5:
  version "6.10.0"
  resolved "https://registry.npm.taobao.org/ajv/download/ajv-6.10.0.tgz#90d0d54439da587cd7e843bfb7045f50bd22bdf1"
  integrity sha1-kNDVRDnaWHzX6EO/twRfUL0ivfE=
  dependencies:
    fast-deep-equal "^2.0.1"
    fast-json-stable-stringify "^2.0.0"
    json-schema-traverse "^0.4.1"
    uri-js "^4.2.2"

asap@~2.0.3:
  version "2.0.6"
  resolved "https://registry.npm.taobao.org/asap/download/asap-2.0.6.tgz#e50347611d7e690943208bbdafebcbc2fb866d46"
  integrity sha1-5QNHYR1+aQlDIIu9r+vLwvuGbUY=

asn1@~0.2.3:
  version "0.2.4"
  resolved "https://registry.npm.taobao.org/asn1/download/asn1-0.2.4.tgz#8d2475dfab553bb33e77b54e59e880bb8ce23136"
  integrity sha1-jSR136tVO7M+d7VOWeiAu4ziMTY=
  dependencies:
    safer-buffer "~2.1.0"

assert-plus@1.0.0, assert-plus@^1.0.0:
  version "1.0.0"
  resolved "https://registry.npm.taobao.org/assert-plus/download/assert-plus-1.0.0.tgz#f12e0f3c5d77b0b1cdd9146942e4e96c1e4dd525"
  integrity sha1-8S4PPF13sLHN2RRpQuTpbB5N1SU=

asynckit@^0.4.0:
  version "0.4.0"
  resolved "https://registry.npm.taobao.org/asynckit/download/asynckit-0.4.0.tgz#c79ed97f7f34cb8f2ba1bc9790bcc366474b4b79"
  integrity sha1-x57Zf380y48robyXkLzDZkdLS3k=

aws-sign2@~0.7.0:
  version "0.7.0"
  resolved "https://registry.npm.taobao.org/aws-sign2/download/aws-sign2-0.7.0.tgz#b46e890934a9591f2d2f6f86d7e6a9f1b3fe76a8"
  integrity sha1-tG6JCTSpWR8tL2+G1+ap8bP+dqg=

aws4@^1.8.0:
  version "1.8.0"
  resolved "https://registry.npm.taobao.org/aws4/download/aws4-1.8.0.tgz#f0e003d9ca9e7f59c7a508945d7b2ef9a04a542f"
  integrity sha1-8OAD2cqef1nHpQiUXXsu+aBKVC8=

bcrypt-pbkdf@^1.0.0:
  version "1.0.2"
  resolved "https://registry.npm.taobao.org/bcrypt-pbkdf/download/bcrypt-pbkdf-1.0.2.tgz#a4301d389b6a43f9b67ff3ca11a3f6637e360e9e"
  integrity sha1-pDAdOJtqQ/m2f/PKEaP2Y342Dp4=
  dependencies:
    tweetnacl "^0.14.3"

caseless@~0.12.0:
  version "0.12.0"
  resolved "https://registry.npm.taobao.org/caseless/download/caseless-0.12.0.tgz#1b681c21ff84033c826543090689420d187151dc"
  integrity sha1-G2gcIf+EAzyCZUMJBolCDRhxUdw=

clone@^2.1.2:
  version "2.1.2"
  resolved "https://registry.npm.taobao.org/clone/download/clone-2.1.2.tgz#1b7f4b9f591f1e8f83670401600345a02887435f"
  integrity sha1-G39Ln1kfHo+DZwQBYANFoCiHQ18=

combined-stream@^1.0.6, combined-stream@~1.0.6:
  version "1.0.8"
  resolved "https://registry.npm.taobao.org/combined-stream/download/combined-stream-1.0.8.tgz#c3d45a8b34fd730631a110a8a2520682b31d5a7f"
  integrity sha1-w9RaizT9cwYxoRCoolIGgrMdWn8=
  dependencies:
    delayed-stream "~1.0.0"

core-util-is@1.0.2:
  version "1.0.2"
  resolved "https://registry.npm.taobao.org/core-util-is/download/core-util-is-1.0.2.tgz#b5fd54220aa2bc5ab57aab7140c940754503c1a7"
  integrity sha1-tf1UIgqivFq1eqtxQMlAdUUDwac=

dashdash@^1.12.0:
  version "1.14.1"
  resolved "https://registry.npm.taobao.org/dashdash/download/dashdash-1.14.1.tgz#853cfa0f7cbe2fed5de20326b8dd581035f6e2f0"
  integrity sha1-hTz6D3y+L+1d4gMmuN1YEDX24vA=
  dependencies:
    assert-plus "^1.0.0"

delayed-stream@~1.0.0:
  version "1.0.0"
  resolved "https://registry.npm.taobao.org/delayed-stream/download/delayed-stream-1.0.0.tgz#df3ae199acadfb7d440aaae0b29e2272b24ec619"
  integrity sha1-3zrhmayt+31ECqrgsp4icrJOxhk=

ecc-jsbn@~0.1.1:
  version "0.1.2"
  resolved "https://registry.npm.taobao.org/ecc-jsbn/download/ecc-jsbn-0.1.2.tgz#3a83a904e54353287874c564b7549386849a98c9"
  integrity sha1-OoOpBOVDUyh4dMVkt1SThoSamMk=
  dependencies:
    jsbn "~0.1.0"
    safer-buffer "^2.1.0"

errno@^0.1.1:
  version "0.1.7"
  resolved "https://registry.npm.taobao.org/errno/download/errno-0.1.7.tgz#4684d71779ad39af177e3f007996f7c67c852618"
  integrity sha1-RoTXF3mtOa8Xfj8AeZb3xnyFJhg=
  dependencies:
    prr "~1.0.1"

extend@~3.0.2:
  version "3.0.2"
  resolved "https://registry.npm.taobao.org/extend/download/extend-3.0.2.tgz#f8b1136b4071fbd8eb140aff858b1019ec2915fa"
  integrity sha1-+LETa0Bx+9jrFAr/hYsQGewpFfo=

extsprintf@1.3.0:
  version "1.3.0"
  resolved "https://registry.npm.taobao.org/extsprintf/download/extsprintf-1.3.0.tgz#96918440e3041a7a414f8c52e3c574eb3c3e1e05"
  integrity sha1-lpGEQOMEGnpBT4xS48V06zw+HgU=

extsprintf@^1.2.0:
  version "1.4.0"
  resolved "https://registry.npm.taobao.org/extsprintf/download/extsprintf-1.4.0.tgz#e2689f8f356fad62cca65a3a91c5df5f9551692f"
  integrity sha1-4mifjzVvrWLMplo6kcXfX5VRaS8=

fast-deep-equal@^2.0.1:
  version "2.0.1"
  resolved "https://registry.npm.taobao.org/fast-deep-equal/download/fast-deep-equal-2.0.1.tgz?cache=0&other_urls=https%3A%2F%2Fregistry.npm.taobao.org%2Ffast-deep-equal%2Fdownload%2Ffast-deep-equal-2.0.1.tgz#7b05218ddf9667bf7f370bf7fdb2cb15fdd0aa49"
  integrity sha1-ewUhjd+WZ79/Nwv3/bLLFf3Qqkk=

fast-json-stable-stringify@^2.0.0:
  version "2.0.0"
  resolved "https://registry.npm.taobao.org/fast-json-stable-stringify/download/fast-json-stable-stringify-2.0.0.tgz#d5142c0caee6b1189f87d3a76111064f86c8bbf2"
  integrity sha1-1RQsDK7msRifh9OnYREGT4bIu/I=

forever-agent@~0.6.1:
  version "0.6.1"
  resolved "https://registry.npm.taobao.org/forever-agent/download/forever-agent-0.6.1.tgz#fbc71f0c41adeb37f96c577ad1ed42d8fdacca91"
  integrity sha1-+8cfDEGt6zf5bFd60e1C2P2sypE=

form-data@~2.3.2:
  version "2.3.3"
  resolved "https://registry.npm.taobao.org/form-data/download/form-data-2.3.3.tgz?cache=0&sync_timestamp=1560929244634&other_urls=https%3A%2F%2Fregistry.npm.taobao.org%2Fform-data%2Fdownload%2Fform-data-2.3.3.tgz#dcce52c05f644f298c6a7ab936bd724ceffbf3a6"
  integrity sha1-3M5SwF9kTymManq5Nr1yTO/786Y=
  dependencies:
    asynckit "^0.4.0"
    combined-stream "^1.0.6"
    mime-types "^2.1.12"

getpass@^0.1.1:
  version "0.1.7"
  resolved "https://registry.npm.taobao.org/getpass/download/getpass-0.1.7.tgz#5eff8e3e684d569ae4cb2b1282604e8ba62149fa"
  integrity sha1-Xv+OPmhNVprkyysSgmBOi6YhSfo=
  dependencies:
    assert-plus "^1.0.0"

graceful-fs@^4.1.2:
  version "4.2.0"
  resolved "https://registry.npm.taobao.org/graceful-fs/download/graceful-fs-4.2.0.tgz#8d8fdc73977cb04104721cb53666c1ca64cd328b"
  integrity sha1-jY/cc5d8sEEEchy1NmbBymTNMos=

har-schema@^2.0.0:
  version "2.0.0"
  resolved "https://registry.npm.taobao.org/har-schema/download/har-schema-2.0.0.tgz#a94c2224ebcac04782a0d9035521f24735b7ec92"
  integrity sha1-qUwiJOvKwEeCoNkDVSHyRzW37JI=

har-validator@~5.1.0:
  version "5.1.3"
  resolved "https://registry.npm.taobao.org/har-validator/download/har-validator-5.1.3.tgz#1ef89ebd3e4996557675eed9893110dc350fa080"
  integrity sha1-HvievT5JllV2de7ZiTEQ3DUPoIA=
  dependencies:
    ajv "^6.5.5"
    har-schema "^2.0.0"

http-signature@~1.2.0:
  version "1.2.0"
  resolved "https://registry.npm.taobao.org/http-signature/download/http-signature-1.2.0.tgz#9aecd925114772f3d95b65a60abb8f7c18fbace1"
  integrity sha1-muzZJRFHcvPZW2WmCruPfBj7rOE=
  dependencies:
    assert-plus "^1.0.0"
    jsprim "^1.2.2"
    sshpk "^1.7.0"

image-size@~0.5.0:
  version "0.5.5"
  resolved "https://registry.npm.taobao.org/image-size/download/image-size-0.5.5.tgz#09dfd4ab9d20e29eb1c3e80b8990378df9e3cb9c"
  integrity sha1-Cd/Uq50g4p6xw+gLiZA3jfnjy5w=

is-typedarray@~1.0.0:
  version "1.0.0"
  resolved "https://registry.npm.taobao.org/is-typedarray/download/is-typedarray-1.0.0.tgz#e479c80858df0c1b11ddda6940f96011fcda4a9a"
  integrity sha1-5HnICFjfDBsR3dppQPlgEfzaSpo=

isstream@~0.1.2:
  version "0.1.2"
  resolved "https://registry.npm.taobao.org/isstream/download/isstream-0.1.2.tgz#47e63f7af55afa6f92e1500e690eb8b8529c099a"
  integrity sha1-R+Y/evVa+m+S4VAOaQ64uFKcCZo=

"js-tokens@^3.0.0 || ^4.0.0":
  version "4.0.0"
  resolved "https://registry.npm.taobao.org/js-tokens/download/js-tokens-4.0.0.tgz#19203fb59991df98e3a287050d4647cdeaf32499"
  integrity sha1-GSA/tZmR35jjoocFDUZHzerzJJk=

jsbn@~0.1.0:
  version "0.1.1"
  resolved "https://registry.npm.taobao.org/jsbn/download/jsbn-0.1.1.tgz#a5e654c2e5a2deb5f201d96cefbca80c0ef2f513"
  integrity sha1-peZUwuWi3rXyAdls77yoDA7y9RM=

json-schema-traverse@^0.4.1:
  version "0.4.1"
  resolved "https://registry.npm.taobao.org/json-schema-traverse/download/json-schema-traverse-0.4.1.tgz#69f6a87d9513ab8bb8fe63bdb0979c448e684660"
  integrity sha1-afaofZUTq4u4/mO9sJecRI5oRmA=

json-schema@0.2.3:
  version "0.2.3"
  resolved "https://registry.npm.taobao.org/json-schema/download/json-schema-0.2.3.tgz#b480c892e59a2f05954ce727bd3f2a4e882f9e13"
  integrity sha1-tIDIkuWaLwWVTOcnvT8qTogvnhM=

json-stringify-safe@~5.0.1:
  version "5.0.1"
  resolved "https://registry.npm.taobao.org/json-stringify-safe/download/json-stringify-safe-5.0.1.tgz#1296a2d58fd45f19a0f6ce01d65701e2c735b6eb"
  integrity sha1-Epai1Y/UXxmg9s4B1lcB4sc1tus=

jsprim@^1.2.2:
  version "1.4.1"
  resolved "https://registry.npm.taobao.org/jsprim/download/jsprim-1.4.1.tgz#313e66bc1e5cc06e438bc1b7499c2e5c56acb6a2"
  integrity sha1-MT5mvB5cwG5Di8G3SZwuXFastqI=
  dependencies:
    assert-plus "1.0.0"
    extsprintf "1.3.0"
    json-schema "0.2.3"
    verror "1.10.0"

less@^3.9.0:
  version "3.9.0"
  resolved "https://registry.npm.taobao.org/less/download/less-3.9.0.tgz#b7511c43f37cf57dc87dffd9883ec121289b1474"
  integrity sha1-t1EcQ/N89X3Iff/ZiD7BISibFHQ=
  dependencies:
    clone "^2.1.2"
  optionalDependencies:
    errno "^0.1.1"
    graceful-fs "^4.1.2"
    image-size "~0.5.0"
    mime "^1.4.1"
    mkdirp "^0.5.0"
    promise "^7.1.1"
    request "^2.83.0"
    source-map "~0.6.0"

loose-envify@^1.1.0, loose-envify@^1.4.0:
  version "1.4.0"
  resolved "https://registry.npm.taobao.org/loose-envify/download/loose-envify-1.4.0.tgz#71ee51fa7be4caec1a63839f7e682d8132d30caf"
  integrity sha1-ce5R+nvkyuwaY4OffmgtgTLTDK8=
  dependencies:
    js-tokens "^3.0.0 || ^4.0.0"

mime-db@1.40.0:
  version "1.40.0"
  resolved "https://registry.npm.taobao.org/mime-db/download/mime-db-1.40.0.tgz#a65057e998db090f732a68f6c276d387d4126c32"
  integrity sha1-plBX6ZjbCQ9zKmj2wnbTh9QSbDI=

mime-types@^2.1.12, mime-types@~2.1.19:
  version "2.1.24"
  resolved "https://registry.npm.taobao.org/mime-types/download/mime-types-2.1.24.tgz?cache=0&other_urls=https%3A%2F%2Fregistry.npm.taobao.org%2Fmime-types%2Fdownload%2Fmime-types-2.1.24.tgz#b6f8d0b3e951efb77dedeca194cff6d16f676f81"
  integrity sha1-tvjQs+lR77d97eyhlM/20W9nb4E=
  dependencies:
    mime-db "1.40.0"

mime@^1.4.1:
  version "1.6.0"
  resolved "https://registry.npm.taobao.org/mime/download/mime-1.6.0.tgz#32cd9e5c64553bd58d19a568af452acff04981b1"
  integrity sha1-Ms2eXGRVO9WNGaVor0Uqz/BJgbE=

minimist@0.0.8:
  version "0.0.8"
  resolved "https://registry.npm.taobao.org/minimist/download/minimist-0.0.8.tgz#857fcabfc3397d2625b8228262e86aa7a011b05d"
  integrity sha1-hX/Kv8M5fSYluCKCYuhqp6ARsF0=

mkdirp@^0.5.0:
  version "0.5.1"
  resolved "https://registry.npm.taobao.org/mkdirp/download/mkdirp-0.5.1.tgz?cache=0&other_urls=https%3A%2F%2Fregistry.npm.taobao.org%2Fmkdirp%2Fdownload%2Fmkdirp-0.5.1.tgz#30057438eac6cf7f8c4767f38648d6697d75c903"
  integrity sha1-MAV0OOrGz3+MR2fzhkjWaX11yQM=
  dependencies:
    minimist "0.0.8"

oauth-sign@~0.9.0:
  version "0.9.0"
  resolved "https://registry.npm.taobao.org/oauth-sign/download/oauth-sign-0.9.0.tgz#47a7b016baa68b5fa0ecf3dee08a85c679ac6455"
  integrity sha1-R6ewFrqmi1+g7PPe4IqFxnmsZFU=

object-assign@^4.1.1:
  version "4.1.1"
  resolved "https://registry.npm.taobao.org/object-assign/download/object-assign-4.1.1.tgz?cache=0&other_urls=https%3A%2F%2Fregistry.npm.taobao.org%2Fobject-assign%2Fdownload%2Fobject-assign-4.1.1.tgz#2109adc7965887cfc05cbbd442cac8bfbb360863"
  integrity sha1-IQmtx5ZYh8/AXLvUQsrIv7s2CGM=

performance-now@^2.1.0:
  version "2.1.0"
  resolved "https://registry.npm.taobao.org/performance-now/download/performance-now-2.1.0.tgz#6309f4e0e5fa913ec1c69307ae364b4b377c9e7b"
  integrity sha1-Ywn04OX6kT7BxpMHrjZLSzd8nns=

promise@^7.1.1:
  version "7.3.1"
  resolved "https://registry.npm.taobao.org/promise/download/promise-7.3.1.tgz#064b72602b18f90f29192b8b1bc418ffd1ebd3bf"
  integrity sha1-BktyYCsY+Q8pGSuLG8QY/9Hr078=
  dependencies:
    asap "~2.0.3"

prop-types@^15.6.2:
  version "15.7.2"
  resolved "https://registry.npm.taobao.org/prop-types/download/prop-types-15.7.2.tgz#52c41e75b8c87e72b9d9360e0206b99dcbffa6c5"
  integrity sha1-UsQedbjIfnK52TYOAga5ncv/psU=
  dependencies:
    loose-envify "^1.4.0"
    object-assign "^4.1.1"
    react-is "^16.8.1"

prr@~1.0.1:
  version "1.0.1"
  resolved "https://registry.npm.taobao.org/prr/download/prr-1.0.1.tgz#d3fc114ba06995a45ec6893f484ceb1d78f5f476"
  integrity sha1-0/wRS6BplaRexok/SEzrHXj19HY=

psl@^1.1.24:
  version "1.1.33"
  resolved "https://registry.npm.taobao.org/psl/download/psl-1.1.33.tgz#5533d9384ca7aab86425198e10e8053ebfeab661"
  integrity sha1-VTPZOEynqrhkJRmOEOgFPr/qtmE=

punycode@^1.4.1:
  version "1.4.1"
  resolved "https://registry.npm.taobao.org/punycode/download/punycode-1.4.1.tgz#c0d5a63b2718800ad8e1eb0fa5269c84dd41845e"
  integrity sha1-wNWmOycYgArY4esPpSachN1BhF4=

punycode@^2.1.0:
  version "2.1.1"
  resolved "https://registry.npm.taobao.org/punycode/download/punycode-2.1.1.tgz#b58b010ac40c22c5657616c8d2c2c02c7bf479ec"
  integrity sha1-tYsBCsQMIsVldhbI0sLALHv0eew=

qs@~6.5.2:
  version "6.5.2"
  resolved "https://registry.npm.taobao.org/qs/download/qs-6.5.2.tgz?cache=0&other_urls=https%3A%2F%2Fregistry.npm.taobao.org%2Fqs%2Fdownload%2Fqs-6.5.2.tgz#cb3ae806e8740444584ef154ce8ee98d403f3e36"
  integrity sha1-yzroBuh0BERYTvFUzo7pjUA/PjY=

react-is@^16.8.1:
  version "16.8.6"
  resolved "https://registry.npm.taobao.org/react-is/download/react-is-16.8.6.tgz#5bbc1e2d29141c9fbdfed456343fe2bc430a6a16"
  integrity sha1-W7weLSkUHJ+9/tRWND/ivEMKahY=

react@^16.8.6:
  version "16.8.6"
  resolved "https://registry.npm.taobao.org/react/download/react-16.8.6.tgz?cache=0&other_urls=https%3A%2F%2Fregistry.npm.taobao.org%2Freact%2Fdownload%2Freact-16.8.6.tgz#ad6c3a9614fd3a4e9ef51117f54d888da01f2bbe"
  integrity sha1-rWw6lhT9Ok6e9REX9U2IjaAfK74=
  dependencies:
    loose-envify "^1.1.0"
    object-assign "^4.1.1"
    prop-types "^15.6.2"
    scheduler "^0.13.6"

request@^2.83.0:
  version "2.88.0"
  resolved "https://registry.npm.taobao.org/request/download/request-2.88.0.tgz#9c2fca4f7d35b592efe57c7f0a55e81052124fef"
  integrity sha1-nC/KT301tZLv5Xx/ClXoEFIST+8=
  dependencies:
    aws-sign2 "~0.7.0"
    aws4 "^1.8.0"
    caseless "~0.12.0"
    combined-stream "~1.0.6"
    extend "~3.0.2"
    forever-agent "~0.6.1"
    form-data "~2.3.2"
    har-validator "~5.1.0"
    http-signature "~1.2.0"
    is-typedarray "~1.0.0"
    isstream "~0.1.2"
    json-stringify-safe "~5.0.1"
    mime-types "~2.1.19"
    oauth-sign "~0.9.0"
    performance-now "^2.1.0"
    qs "~6.5.2"
    safe-buffer "^5.1.2"
    tough-cookie "~2.4.3"
    tunnel-agent "^0.6.0"
    uuid "^3.3.2"

safe-buffer@^5.0.1, safe-buffer@^5.1.2:
  version "5.1.2"
  resolved "https://registry.npm.taobao.org/safe-buffer/download/safe-buffer-5.1.2.tgz#991ec69d296e0313747d59bdfd2b745c35f8828d"
  integrity sha1-mR7GnSluAxN0fVm9/St0XDX4go0=

safer-buffer@^2.0.2, safer-buffer@^2.1.0, safer-buffer@~2.1.0:
  version "2.1.2"
  resolved "https://registry.npm.taobao.org/safer-buffer/download/safer-buffer-2.1.2.tgz?cache=0&other_urls=https%3A%2F%2Fregistry.npm.taobao.org%2Fsafer-buffer%2Fdownload%2Fsafer-buffer-2.1.2.tgz#44fa161b0187b9549dd84bb91802f9bd8385cd6a"
  integrity sha1-RPoWGwGHuVSd2Eu5GAL5vYOFzWo=

scheduler@^0.13.6:
  version "0.13.6"
  resolved "https://registry.npm.taobao.org/scheduler/download/scheduler-0.13.6.tgz#466a4ec332467b31a91b9bf74e5347072e4cd889"
  integrity sha1-RmpOwzJGezGpG5v3TlNHBy5M2Ik=
  dependencies:
    loose-envify "^1.1.0"
    object-assign "^4.1.1"

source-map@~0.6.0:
  version "0.6.1"
  resolved "https://registry.npm.taobao.org/source-map/download/source-map-0.6.1.tgz#74722af32e9614e9c287a8d0bbde48b5e2f1a263"
  integrity sha1-dHIq8y6WFOnCh6jQu95IteLxomM=

sshpk@^1.7.0:
  version "1.16.1"
  resolved "https://registry.npm.taobao.org/sshpk/download/sshpk-1.16.1.tgz#fb661c0bef29b39db40769ee39fa70093d6f6877"
  integrity sha1-+2YcC+8ps520B2nuOfpwCT1vaHc=
  dependencies:
    asn1 "~0.2.3"
    assert-plus "^1.0.0"
    bcrypt-pbkdf "^1.0.0"
    dashdash "^1.12.0"
    ecc-jsbn "~0.1.1"
    getpass "^0.1.1"
    jsbn "~0.1.0"
    safer-buffer "^2.0.2"
    tweetnacl "~0.14.0"

tough-cookie@~2.4.3:
  version "2.4.3"
  resolved "https://registry.npm.taobao.org/tough-cookie/download/tough-cookie-2.4.3.tgz#53f36da3f47783b0925afa06ff9f3b165280f781"
  integrity sha1-U/Nto/R3g7CSWvoG/587FlKA94E=
  dependencies:
    psl "^1.1.24"
    punycode "^1.4.1"

tunnel-agent@^0.6.0:
  version "0.6.0"
  resolved "https://registry.npm.taobao.org/tunnel-agent/download/tunnel-agent-0.6.0.tgz#27a5dea06b36b04a0a9966774b290868f0fc40fd"
  integrity sha1-J6XeoGs2sEoKmWZ3SykIaPD8QP0=
  dependencies:
    safe-buffer "^5.0.1"

tweetnacl@^0.14.3, tweetnacl@~0.14.0:
  version "0.14.5"
  resolved "https://registry.npm.taobao.org/tweetnacl/download/tweetnacl-0.14.5.tgz#5ae68177f192d4456269d108afa93ff8743f4f64"
  integrity sha1-WuaBd/GS1EViadEIr6k/+HQ/T2Q=

typescript@^3.5.2:
  version "3.5.2"
  resolved "https://registry.npm.taobao.org/typescript/download/typescript-3.5.2.tgz#a09e1dc69bc9551cadf17dba10ee42cf55e5d56c"
  integrity sha1-oJ4dxpvJVRyt8X26EO5Cz1Xl1Ww=

uri-js@^4.2.2:
  version "4.2.2"
  resolved "https://registry.npm.taobao.org/uri-js/download/uri-js-4.2.2.tgz#94c540e1ff772956e2299507c010aea6c8838eb0"
  integrity sha1-lMVA4f93KVbiKZUHwBCupsiDjrA=
  dependencies:
    punycode "^2.1.0"

uuid@^3.3.2:
  version "3.3.2"
  resolved "https://registry.npm.taobao.org/uuid/download/uuid-3.3.2.tgz?cache=0&other_urls=https%3A%2F%2Fregistry.npm.taobao.org%2Fuuid%2Fdownload%2Fuuid-3.3.2.tgz#1b4af4955eb3077c501c23872fc6513811587131"
  integrity sha1-G0r0lV6zB3xQHCOHL8ZROBFYcTE=

verror@1.10.0:
  version "1.10.0"
  resolved "https://registry.npm.taobao.org/verror/download/verror-1.10.0.tgz?cache=0&other_urls=https%3A%2F%2Fregistry.npm.taobao.org%2Fverror%2Fdownload%2Fverror-1.10.0.tgz#3a105ca17053af55d6e270c1f8288682e18da400"
  integrity sha1-OhBcoXBTr1XW4nDB+CiGguGNpAA=
  dependencies:
    assert-plus "^1.0.0"
    core-util-is "1.0.2"
    extsprintf "^1.2.0"
