# THIS IS AN AUTOGENERATED FILE. DO NOT EDIT THIS FILE DIRECTLY.
# yarn lockfile v1


"js-tokens@^3.0.0 || ^4.0.0":
  version "4.0.0"
  resolved "https://registry.npmjs.org/js-tokens/-/js-tokens-4.0.0.tgz#19203fb59991df98e3a287050d4647cdeaf32499"

loose-envify@^1.1.0, loose-envify@^1.3.1:
  version "1.4.0"
  resolved "https://registry.npmjs.org/loose-envify/-/loose-envify-1.4.0.tgz#71ee51fa7be4caec1a63839f7e682d8132d30caf"
  dependencies:
    js-tokens "^3.0.0 || ^4.0.0"

object-assign@^4.1.1:
  version "4.1.1"
  resolved "https://registry.npmjs.org/object-assign/-/object-assign-4.1.1.tgz#2109adc7965887cfc05cbbd442cac8bfbb360863"

prop-types@^15.6.2:
  version "15.6.2"
  resolved "https://registry.npmjs.org/prop-types/-/prop-types-15.6.2.tgz#05d5ca77b4453e985d60fc7ff8c859094a497102"
  dependencies:
    loose-envify "^1.3.1"
    object-assign "^4.1.1"

react@16.7.0-alpha.2:
  version "16.7.0-alpha.2"
  resolved "https://registry.npmjs.org/react/-/react-16.7.0-alpha.2.tgz#924f2ae843a46ea82d104a8def7a599fbf2c78ce"
  dependencies:
    loose-envify "^1.1.0"
    object-assign "^4.1.1"
    prop-types "^15.6.2"
    scheduler "^0.12.0-alpha.2"

scheduler@^0.12.0-alpha.2:
  version "0.12.0"
  resolved "https://registry.npmjs.org/scheduler/-/scheduler-0.12.0.tgz#8ab17699939c0aedc5a196a657743c496538647b"
  dependencies:
    loose-envify "^1.1.0"
    object-assign "^4.1.1"

weui@^1.1.3:
  version "1.1.3"
  resolved "https://registry.npmjs.org/weui/-/weui-1.1.3.tgz#0f0899bb61bb2ec603b2648367a8139298f81514"
