{
	"name": "@remax/core",
	"version": "1.0.0",
	"lockfileVersion": 1,
	"requires": true,
	"dependencies": {
		"async": {
			"version": "0.2.10",
			"resolved": "https://registry.npmjs.org/async/-/async-0.2.10.tgz",
			"integrity": "sha1-trvgsGdLnXGXCMo43owjfLUmw9E=",
			"dev": true
		},
		"colors": {
			"version": "0.6.2",
			"resolved": "https://registry.npmjs.org/colors/-/colors-0.6.2.tgz",
			"integrity": "sha1-JCP+ZnisDF2uiFLl0OW+CMmXq8w=",
			"dev": true
		},
		"ejs": {
			"version": "2.6.1",
			"resolved": "https://registry.npmjs.org/ejs/-/ejs-2.6.1.tgz",
			"integrity": "sha512-0xy4A/twfrRCnkhfk8ErDi5DqdAsAqeGxht4xkCUrsvhhbQNs7E+4jV0CN7+NKIY0aHE72+XvqtBIXzD31ZbXQ==",
			"dev": true
		},
		"ejs-cli": {
			"version": "2.0.1",
			"resolved": "https://registry.npmjs.org/ejs-cli/-/ejs-cli-2.0.1.tgz",
			"integrity": "sha512-snHiB9CdKB/ndZw94u9Z7qn9e6ctkURO/31cEGkgHS2dDkDxjqwJJYRg/XdGpItBCMiiAk/NUN9h0GomNitbpQ==",
			"dev": true,
			"requires": {
				"async": "0.2.10",
				"colors": "0.6.2",
				"ejs": "2.6.1",
				"glob": "3.2.11",
				"mkdirp": "0.5.1",
				"optimist": "0.5.2"
			}
		},
		"glob": {
			"version": "3.2.11",
			"resolved": "https://registry.npmjs.org/glob/-/glob-3.2.11.tgz",
			"integrity": "sha1-Spc/Y1uRkPcV0QmH1cAP0oFevj0=",
			"dev": true,
			"requires": {
				"inherits": "2.0.3",
				"minimatch": "0.3.0"
			}
		},
		"inherits": {
			"version": "2.0.3",
			"resolved": "https://registry.npmjs.org/inherits/-/inherits-2.0.3.tgz",
			"integrity": "sha1-Yzwsg+PaQqUC9SRmAiSA9CCCYd4=",
			"dev": true
		},
		"js-tokens": {
			"version": "4.0.0",
			"resolved": "https://registry.npmjs.org/js-tokens/-/js-tokens-4.0.0.tgz",
			"integrity": "sha512-RdJUflcE3cUzKiMqQgsCu06FPu9UdIJO0beYbPhHN4k6apgJtifcoCtT9bcxOpYBtpD2kCM6Sbzg4CausW/PKQ=="
		},
		"loose-envify": {
			"version": "1.4.0",
			"resolved": "https://registry.npmjs.org/loose-envify/-/loose-envify-1.4.0.tgz",
			"integrity": "sha512-lyuxPGr/Wfhrlem2CL/UcnUc1zcqKAImBDzukY7Y5F/yQiNdko6+fRLevlw1HgMySw7f611UIY408EtxRSoK3Q==",
			"requires": {
				"js-tokens": "4.0.0"
			}
		},
		"lru-cache": {
			"version": "2.7.3",
			"resolved": "https://registry.npmjs.org/lru-cache/-/lru-cache-2.7.3.tgz",
			"integrity": "sha1-bUUk6LlV+V1PW1iFHOId1y+06VI=",
			"dev": true
		},
		"minimatch": {
			"version": "0.3.0",
			"resolved": "https://registry.npmjs.org/minimatch/-/minimatch-0.3.0.tgz",
			"integrity": "sha1-J12O2qxPG7MyZHIInnlJyDlGmd0=",
			"dev": true,
			"requires": {
				"lru-cache": "2.7.3",
				"sigmund": "1.0.1"
			}
		},
		"minimist": {
			"version": "0.0.8",
			"resolved": "https://registry.npmjs.org/minimist/-/minimist-0.0.8.tgz",
			"integrity": "sha1-hX/Kv8M5fSYluCKCYuhqp6ARsF0=",
			"dev": true
		},
		"mkdirp": {
			"version": "0.5.1",
			"resolved": "https://registry.npmjs.org/mkdirp/-/mkdirp-0.5.1.tgz",
			"integrity": "sha1-MAV0OOrGz3+MR2fzhkjWaX11yQM=",
			"dev": true,
			"requires": {
				"minimist": "0.0.8"
			}
		},
		"object-assign": {
			"version": "4.1.1",
			"resolved": "https://registry.npmjs.org/object-assign/-/object-assign-4.1.1.tgz",
			"integrity": "sha1-IQmtx5ZYh8/AXLvUQsrIv7s2CGM="
		},
		"optimist": {
			"version": "0.5.2",
			"resolved": "https://registry.npmjs.org/optimist/-/optimist-0.5.2.tgz",
			"integrity": "sha1-hcjBRUszFeSniUfoV7HfAzRQv7w=",
			"dev": true,
			"requires": {
				"wordwrap": "0.0.3"
			}
		},
		"prop-types": {
			"version": "15.6.2",
			"resolved": "https://registry.npmjs.org/prop-types/-/prop-types-15.6.2.tgz",
			"integrity": "sha512-3pboPvLiWD7dkI3qf3KbUe6hKFKa52w+AE0VCqECtf+QHAKgOL37tTaNCnuX1nAAQ4ZhyP+kYVKf8rLmJ/feDQ==",
			"requires": {
				"loose-envify": "1.4.0",
				"object-assign": "4.1.1"
			}
		},
		"react": {
			"version": "16.7.0-alpha.2",
			"resolved": "https://registry.npmjs.org/react/-/react-16.7.0-alpha.2.tgz",
			"integrity": "sha512-Xh1CC8KkqIojhC+LFXd21jxlVtzoVYdGnQAi/I2+dxbmos9ghbx5TQf9/nDxc4WxaFfUQJkya0w1k6rMeyIaxQ==",
			"requires": {
				"loose-envify": "1.4.0",
				"object-assign": "4.1.1",
				"prop-types": "15.6.2",
				"scheduler": "0.12.0"
			}
		},
		"react-reconciler": {
			"version": "0.18.0-alpha.2",
			"resolved": "https://registry.npmjs.org/react-reconciler/-/react-reconciler-0.18.0-alpha.2.tgz",
			"integrity": "sha512-nAFtHPz44QhQlCN18xj2v2Ey4AxDI7wg7tpar5qlZE0kbTpM1x4EkfoB5IJXEGvsdcJ72fYsRSgD8+Aa9yoTQw==",
			"requires": {
				"loose-envify": "1.4.0",
				"object-assign": "4.1.1",
				"prop-types": "15.6.2",
				"scheduler": "0.12.0"
			}
		},
		"scheduler": {
			"version": "0.12.0",
			"resolved": "https://registry.npmjs.org/scheduler/-/scheduler-0.12.0.tgz",
			"integrity": "sha512-t7MBR28Akcp4Jm+QoR63XgAi9YgCUmgvDHqf5otgAj4QvdoBE4ImCX0ffehefePPG+aitiYHp0g/mW6s4Tp+dw==",
			"requires": {
				"loose-envify": "1.4.0",
				"object-assign": "4.1.1"
			}
		},
		"sigmund": {
			"version": "1.0.1",
			"resolved": "https://registry.npmjs.org/sigmund/-/sigmund-1.0.1.tgz",
			"integrity": "sha1-P/IfGYytIXX587eBhT/ZTQ0ZtZA=",
			"dev": true
		},
		"wordwrap": {
			"version": "0.0.3",
			"resolved": "https://registry.npmjs.org/wordwrap/-/wordwrap-0.0.3.tgz",
			"integrity": "sha1-o9XabNXAvAAI03I0u68b7WMFkQc=",
			"dev": true
		}
	}
}
