{
	"name": "@remax/babel-plugin-remax-static-info",
	"version": "1.0.0",
	"lockfileVersion": 1,
	"requires": true,
	"dependencies": {
		"dot-prop": {
			"version": "4.2.0",
			"resolved": "https://registry.npmjs.org/dot-prop/-/dot-prop-4.2.0.tgz",
			"integrity": "sha512-tUMXrxlExSW6U2EXiiKGSBVdYgtV8qlHL+C10TsW4PURY/ic+eaysnSkwB4kA/mBlCyy/IKDJ+Lc3wbWeaXtuQ==",
			"requires": {
				"is-obj": "1.0.1"
			}
		},
		"is-obj": {
			"version": "1.0.1",
			"resolved": "https://registry.npmjs.org/is-obj/-/is-obj-1.0.1.tgz",
			"integrity": "sha1-PkcprB9f3gJc19g6iW2rn09n2w8="
		}
	}
}
